
Microsoft Visual Studio Solution File, Format Version 12.00
# Visual Studio 15
VisualStudioVersion = 15.0.27703.2047
MinimumVisualStudioVersion = 10.0.40219.1
Project("{FAE04EC0-301F-11D3-BF4B-00C04F79EFBC}") = "MvcSandbox", "MvcSandbox\MvcSandbox.csproj", "{679A72B0-6B73-49D8-8A66-BB7FED89A63B}"
EndProject
Global
	GlobalSection(SolutionConfigurationPlatforms) = preSolution
		Debug|Any CPU = Debug|Any CPU
		Release|Any CPU = Release|Any CPU
	EndGlobalSection
	GlobalSection(ProjectConfigurationPlatforms) = postSolution
		{679A72B0-6B73-49D8-8A66-BB7FED89A63B}.Debug|Any CPU.ActiveCfg = Debug|Any CPU
		{679A72B0-6B73-49D8-8A66-BB7FED89A63B}.Debug|Any CPU.Build.0 = Debug|Any CPU
		{679A72B0-6B73-49D8-8A66-BB7FED89A63B}.Release|Any CPU.ActiveCfg = Release|Any CPU
		{679A72B0-6B73-49D8-8A66-BB7FED89A63B}.Release|Any CPU.Build.0 = Release|Any CPU
	EndGlobalSection
	GlobalSection(SolutionProperties) = preSolution
		HideSolutionNode = FALSE
	EndGlobalSection
	GlobalSection(ExtensibilityGlobals) = postSolution
		SolutionGuid = {95D88215-5EEC-4CE6-ACD2-1D95166E57A7}
	EndGlobalSection
EndGlobal
